
Microsoft Visual Studio Solution File, Format Version 12.00
# Visual Studio Version 17
VisualStudioVersion = 17.8.34408.163
MinimumVisualStudioVersion = 10.0.40219.1
Project("{9A19103F-16F7-4668-BE54-9A1E7A4F7556}") = "CSC 455 Project", "CSC 455 Project\CSC 455 Project.csproj", "{0E56BB4A-1394-4C31-A576-8AA29744F486}"
EndProject
Project("{9A19103F-16F7-4668-BE54-9A1E7A4F7556}") = "CSC 455 ProjectTests", "CSC 455 ProjectTests\CSC 455 ProjectTests.csproj", "{FAA9EA5E-A368-4BF8-956B-3A7551FDB35D}"
EndProject
Global
	GlobalSection(SolutionConfigurationPlatforms) = preSolution
		Debug|Any CPU = Debug|Any CPU
		Release|Any CPU = Release|Any CPU
	EndGlobalSection
	GlobalSection(ProjectConfigurationPlatforms) = postSolution
		{0E56BB4A-1394-4C31-A576-8AA29744F486}.Debug|Any CPU.ActiveCfg = Debug|Any CPU
		{0E56BB4A-1394-4C31-A576-8AA29744F486}.Debug|Any CPU.Build.0 = Debug|Any CPU
		{0E56BB4A-1394-4C31-A576-8AA29744F486}.Release|Any CPU.ActiveCfg = Release|Any CPU
		{0E56BB4A-1394-4C31-A576-8AA29744F486}.Release|Any CPU.Build.0 = Release|Any CPU
		{FAA9EA5E-A368-4BF8-956B-3A7551FDB35D}.Debug|Any CPU.ActiveCfg = Debug|Any CPU
		{FAA9EA5E-A368-4BF8-956B-3A7551FDB35D}.Debug|Any CPU.Build.0 = Debug|Any CPU
		{FAA9EA5E-A368-4BF8-956B-3A7551FDB35D}.Release|Any CPU.ActiveCfg = Release|Any CPU
		{FAA9EA5E-A368-4BF8-956B-3A7551FDB35D}.Release|Any CPU.Build.0 = Release|Any CPU
	EndGlobalSection
	GlobalSection(SolutionProperties) = preSolution
		HideSolutionNode = FALSE
	EndGlobalSection
	GlobalSection(ExtensibilityGlobals) = postSolution
		SolutionGuid = {B69B1125-3E98-4530-B1AA-E7D19DEB5707}
	EndGlobalSection
EndGlobal
